
Microsoft Visual Studio Solution File, Format Version 12.00
# Visual Studio Version 16
VisualStudioVersion = 16.0.31112.23
MinimumVisualStudioVersion = 10.0.40219.1
Project("{FAE04EC0-301F-11D3-BF4B-00C04F79EFBC}") = "Simple Music Finder", "Simple Music Finder\Simple Music Finder.csproj", "{366AE60F-A19F-4B48-A050-7531C7A4933F}"
EndProject
Global
	GlobalSection(SolutionConfigurationPlatforms) = preSolution
		Debug|Any CPU = Debug|Any CPU
		Release|Any CPU = Release|Any CPU
	EndGlobalSection
	GlobalSection(ProjectConfigurationPlatforms) = postSolution
		{366AE60F-A19F-4B48-A050-7531C7A4933F}.Debug|Any CPU.ActiveCfg = Debug|Any CPU
		{366AE60F-A19F-4B48-A050-7531C7A4933F}.Debug|Any CPU.Build.0 = Debug|Any CPU
		{366AE60F-A19F-4B48-A050-7531C7A4933F}.Release|Any CPU.ActiveCfg = Release|Any CPU
		{366AE60F-A19F-4B48-A050-7531C7A4933F}.Release|Any CPU.Build.0 = Release|Any CPU
	EndGlobalSection
	GlobalSection(SolutionProperties) = preSolution
		HideSolutionNode = FALSE
	EndGlobalSection
	GlobalSection(ExtensibilityGlobals) = postSolution
		SolutionGuid = {48A17247-DD42-4765-B0D7-8A8835A6F4CD}
	EndGlobalSection
EndGlobal
